// !$*UTF8*$!
{
	archiveVersion = 1;
	classes = {
	};
	objectVersion = 55;
	objects = {

/* Begin PBXBuildFile section */
		D50DD1A828633677004B06A6 /* AppDelegate.swift in Sources */ = {isa = PBXBuildFile; fileRef = D50DD1A728633677004B06A6 /* AppDelegate.swift */; };
		D50DD1AA28633677004B06A6 /* SceneDelegate.swift in Sources */ = {isa = PBXBuildFile; fileRef = D50DD1A928633677004B06A6 /* SceneDelegate.swift */; };
		D50DD1AC28633677004B06A6 /* HomeViewController.swift in Sources */ = {isa = PBXBuildFile; fileRef = D50DD1AB28633677004B06A6 /* HomeViewController.swift */; };
		D50DD1AF28633677004B06A6 /* Main.storyboard in Resources */ = {isa = PBXBuildFile; fileRef = D50DD1AD28633677004B06A6 /* Main.storyboard */; };
		D50DD1B128633679004B06A6 /* Assets.xcassets in Resources */ = {isa = PBXBuildFile; fileRef = D50DD1B028633679004B06A6 /* Assets.xcassets */; };
		D50DD1B428633679004B06A6 /* LaunchScreen.storyboard in Resources */ = {isa = PBXBuildFile; fileRef = D50DD1B228633679004B06A6 /* LaunchScreen.storyboard */; };
		D50DD1BC286336A6004B06A6 /* .gitignore in Resources */ = {isa = PBXBuildFile; fileRef = D50DD1BB286336A6004B06A6 /* .gitignore */; };
		D5607ACE28671B3B000A444A /* HomeViewBuilder.swift in Sources */ = {isa = PBXBuildFile; fileRef = D5607ACD28671B3B000A444A /* HomeViewBuilder.swift */; };
		D5607AD028672458000A444A /* AppColorDAO.swift in Sources */ = {isa = PBXBuildFile; fileRef = D5607ACF28672458000A444A /* AppColorDAO.swift */; };
		D5607AD228672F8B000A444A /* HomeViewInteractor.swift in Sources */ = {isa = PBXBuildFile; fileRef = D5607AD128672F8B000A444A /* HomeViewInteractor.swift */; };
		D5607AD428672F98000A444A /* HomeViewPresenter.swift in Sources */ = {isa = PBXBuildFile; fileRef = D5607AD328672F98000A444A /* HomeViewPresenter.swift */; };
		D5607AD628672FC7000A444A /* HomeViewRouter.swift in Sources */ = {isa = PBXBuildFile; fileRef = D5607AD528672FC7000A444A /* HomeViewRouter.swift */; };
		D5607AD828672FD6000A444A /* HomeViewProtocols.swift in Sources */ = {isa = PBXBuildFile; fileRef = D5607AD728672FD6000A444A /* HomeViewProtocols.swift */; };
		D5C3EE9728742541001E9477 /* index.html in Resources */ = {isa = PBXBuildFile; fileRef = D5C3EE4B28742540001E9477 /* index.html */; };
		D5C3EE9828742541001E9477 /* search.json in Resources */ = {isa = PBXBuildFile; fileRef = D5C3EE4C28742540001E9477 /* search.json */; };
		D5C3EE9928742541001E9477 /* highlight.css in Resources */ = {isa = PBXBuildFile; fileRef = D5C3EE4E28742540001E9477 /* highlight.css */; };
		D5C3EE9A28742541001E9477 /* jazzy.css in Resources */ = {isa = PBXBuildFile; fileRef = D5C3EE4F28742540001E9477 /* jazzy.css */; };
		D5C3EE9B28742541001E9477 /* HomeViewBuilder.html in Resources */ = {isa = PBXBuildFile; fileRef = D5C3EE5128742540001E9477 /* HomeViewBuilder.html */; };
		D5C3EE9C28742541001E9477 /* HomeViewPresenter.html in Resources */ = {isa = PBXBuildFile; fileRef = D5C3EE5228742540001E9477 /* HomeViewPresenter.html */; };
		D5C3EE9D28742541001E9477 /* AppColorDAO.html in Resources */ = {isa = PBXBuildFile; fileRef = D5C3EE5328742540001E9477 /* AppColorDAO.html */; };
		D5C3EE9E28742541001E9477 /* HomeViewRouter.html in Resources */ = {isa = PBXBuildFile; fileRef = D5C3EE5428742540001E9477 /* HomeViewRouter.html */; };
		D5C3EE9F28742541001E9477 /* HomeInteractor.html in Resources */ = {isa = PBXBuildFile; fileRef = D5C3EE5528742540001E9477 /* HomeInteractor.html */; };
		D5C3EEA028742541001E9477 /* SceneDelegate.html in Resources */ = {isa = PBXBuildFile; fileRef = D5C3EE5628742540001E9477 /* SceneDelegate.html */; };
		D5C3EEA128742541001E9477 /* AppDelegate.html in Resources */ = {isa = PBXBuildFile; fileRef = D5C3EE5728742540001E9477 /* AppDelegate.html */; };
		D5C3EEA228742541001E9477 /* HomeViewController.html in Resources */ = {isa = PBXBuildFile; fileRef = D5C3EE5828742540001E9477 /* HomeViewController.html */; };
		D5C3EEA328742541001E9477 /* jquery.min.js in Resources */ = {isa = PBXBuildFile; fileRef = D5C3EE5A28742540001E9477 /* jquery.min.js */; };
		D5C3EEA428742541001E9477 /* typeahead.jquery.js in Resources */ = {isa = PBXBuildFile; fileRef = D5C3EE5B28742540001E9477 /* typeahead.jquery.js */; };
		D5C3EEA528742541001E9477 /* jazzy.search.js in Resources */ = {isa = PBXBuildFile; fileRef = D5C3EE5C28742540001E9477 /* jazzy.search.js */; };
		D5C3EEA628742541001E9477 /* lunr.min.js in Resources */ = {isa = PBXBuildFile; fileRef = D5C3EE5D28742540001E9477 /* lunr.min.js */; };
		D5C3EEA728742541001E9477 /* jazzy.js in Resources */ = {isa = PBXBuildFile; fileRef = D5C3EE5E28742540001E9477 /* jazzy.js */; };
		D5C3EEA828742541001E9477 /* carat.png in Resources */ = {isa = PBXBuildFile; fileRef = D5C3EE6028742540001E9477 /* carat.png */; };
		D5C3EEA928742541001E9477 /* dash.png in Resources */ = {isa = PBXBuildFile; fileRef = D5C3EE6128742540001E9477 /* dash.png */; };
		D5C3EEAA28742541001E9477 /* spinner.gif in Resources */ = {isa = PBXBuildFile; fileRef = D5C3EE6228742540001E9477 /* spinner.gif */; };
		D5C3EEAB28742541001E9477 /* undocumented.json in Resources */ = {isa = PBXBuildFile; fileRef = D5C3EE6328742540001E9477 /* undocumented.json */; };
		D5C3EEAC28742541001E9477 /* badge.svg in Resources */ = {isa = PBXBuildFile; fileRef = D5C3EE6428742540001E9477 /* badge.svg */; };
		D5C3EEAD28742541001E9477 /* Classes.html in Resources */ = {isa = PBXBuildFile; fileRef = D5C3EE6528742540001E9477 /* Classes.html */; };
		D5C3EEAE28742541001E9477 /* docSet.dsidx in Resources */ = {isa = PBXBuildFile; fileRef = D5C3EE6A28742540001E9477 /* docSet.dsidx */; };
		D5C3EEAF28742541001E9477 /* index.html in Resources */ = {isa = PBXBuildFile; fileRef = D5C3EE6C28742540001E9477 /* index.html */; };
		D5C3EEB028742541001E9477 /* search.json in Resources */ = {isa = PBXBuildFile; fileRef = D5C3EE6D28742540001E9477 /* search.json */; };
		D5C3EEB128742541001E9477 /* highlight.css in Resources */ = {isa = PBXBuildFile; fileRef = D5C3EE6F28742540001E9477 /* highlight.css */; };
		D5C3EEB228742541001E9477 /* jazzy.css in Resources */ = {isa = PBXBuildFile; fileRef = D5C3EE7028742540001E9477 /* jazzy.css */; };
		D5C3EEB328742541001E9477 /* HomeViewBuilder.html in Resources */ = {isa = PBXBuildFile; fileRef = D5C3EE7228742540001E9477 /* HomeViewBuilder.html */; };
		D5C3EEB428742541001E9477 /* HomeViewPresenter.html in Resources */ = {isa = PBXBuildFile; fileRef = D5C3EE7328742540001E9477 /* HomeViewPresenter.html */; };
		D5C3EEB528742541001E9477 /* AppColorDAO.html in Resources */ = {isa = PBXBuildFile; fileRef = D5C3EE7428742540001E9477 /* AppColorDAO.html */; };
		D5C3EEB628742541001E9477 /* HomeViewRouter.html in Resources */ = {isa = PBXBuildFile; fileRef = D5C3EE7528742540001E9477 /* HomeViewRouter.html */; };
		D5C3EEB728742541001E9477 /* HomeInteractor.html in Resources */ = {isa = PBXBuildFile; fileRef = D5C3EE7628742540001E9477 /* HomeInteractor.html */; };
		D5C3EEB828742541001E9477 /* SceneDelegate.html in Resources */ = {isa = PBXBuildFile; fileRef = D5C3EE7728742540001E9477 /* SceneDelegate.html */; };
		D5C3EEB928742541001E9477 /* AppDelegate.html in Resources */ = {isa = PBXBuildFile; fileRef = D5C3EE7828742540001E9477 /* AppDelegate.html */; };
		D5C3EEBA28742541001E9477 /* HomeViewController.html in Resources */ = {isa = PBXBuildFile; fileRef = D5C3EE7928742540001E9477 /* HomeViewController.html */; };
		D5C3EEBB28742541001E9477 /* jquery.min.js in Resources */ = {isa = PBXBuildFile; fileRef = D5C3EE7B28742540001E9477 /* jquery.min.js */; };
		D5C3EEBC28742541001E9477 /* typeahead.jquery.js in Resources */ = {isa = PBXBuildFile; fileRef = D5C3EE7C28742540001E9477 /* typeahead.jquery.js */; };
		D5C3EEBD28742541001E9477 /* jazzy.search.js in Resources */ = {isa = PBXBuildFile; fileRef = D5C3EE7D28742540001E9477 /* jazzy.search.js */; };
		D5C3EEBE28742541001E9477 /* lunr.min.js in Resources */ = {isa = PBXBuildFile; fileRef = D5C3EE7E28742540001E9477 /* lunr.min.js */; };
		D5C3EEBF28742541001E9477 /* jazzy.js in Resources */ = {isa = PBXBuildFile; fileRef = D5C3EE7F28742540001E9477 /* jazzy.js */; };
		D5C3EEC028742541001E9477 /* carat.png in Resources */ = {isa = PBXBuildFile; fileRef = D5C3EE8128742540001E9477 /* carat.png */; };
		D5C3EEC128742541001E9477 /* dash.png in Resources */ = {isa = PBXBuildFile; fileRef = D5C3EE8228742540001E9477 /* dash.png */; };
		D5C3EEC228742541001E9477 /* spinner.gif in Resources */ = {isa = PBXBuildFile; fileRef = D5C3EE8328742540001E9477 /* spinner.gif */; };
		D5C3EEC328742541001E9477 /* undocumented.json in Resources */ = {isa = PBXBuildFile; fileRef = D5C3EE8428742540001E9477 /* undocumented.json */; };
		D5C3EEC428742541001E9477 /* badge.svg in Resources */ = {isa = PBXBuildFile; fileRef = D5C3EE8528742540001E9477 /* badge.svg */; };
		D5C3EEC528742541001E9477 /* Classes.html in Resources */ = {isa = PBXBuildFile; fileRef = D5C3EE8628742540001E9477 /* Classes.html */; };
		D5C3EEC628742541001E9477 /* Protocols.html in Resources */ = {isa = PBXBuildFile; fileRef = D5C3EE8728742540001E9477 /* Protocols.html */; };
		D5C3EEC728742541001E9477 /* ColorValueDelegate.html in Resources */ = {isa = PBXBuildFile; fileRef = D5C3EE8928742540001E9477 /* ColorValueDelegate.html */; };
		D5C3EEC828742541001E9477 /* HomeView.html in Resources */ = {isa = PBXBuildFile; fileRef = D5C3EE8A28742540001E9477 /* HomeView.html */; };
		D5C3EEC928742541001E9477 /* HomeViewPresentation.html in Resources */ = {isa = PBXBuildFile; fileRef = D5C3EE8B28742540001E9477 /* HomeViewPresentation.html */; };
		D5C3EECA28742541001E9477 /* HomeUseCase.html in Resources */ = {isa = PBXBuildFile; fileRef = D5C3EE8C28742540001E9477 /* HomeUseCase.html */; };
		D5C3EECB28742541001E9477 /* HomeViewWireframe.html in Resources */ = {isa = PBXBuildFile; fileRef = D5C3EE8D28742540001E9477 /* HomeViewWireframe.html */; };
		D5C3EECC28742541001E9477 /* Info.plist in Resources */ = {isa = PBXBuildFile; fileRef = D5C3EE8E28742540001E9477 /* Info.plist */; };
		D5C3EECD28742541001E9477 /* .tgz in Resources */ = {isa = PBXBuildFile; fileRef = D5C3EE8F28742540001E9477 /* .tgz */; };
		D5C3EECE28742541001E9477 /* Protocols.html in Resources */ = {isa = PBXBuildFile; fileRef = D5C3EE9028742540001E9477 /* Protocols.html */; };
		D5C3EECF28742541001E9477 /* ColorValueDelegate.html in Resources */ = {isa = PBXBuildFile; fileRef = D5C3EE9228742540001E9477 /* ColorValueDelegate.html */; };
		D5C3EED028742541001E9477 /* HomeView.html in Resources */ = {isa = PBXBuildFile; fileRef = D5C3EE9328742540001E9477 /* HomeView.html */; };
		D5C3EED128742541001E9477 /* HomeViewPresentation.html in Resources */ = {isa = PBXBuildFile; fileRef = D5C3EE9428742540001E9477 /* HomeViewPresentation.html */; };
		D5C3EED228742541001E9477 /* HomeUseCase.html in Resources */ = {isa = PBXBuildFile; fileRef = D5C3EE9528742540001E9477 /* HomeUseCase.html */; };
		D5C3EED328742541001E9477 /* HomeViewWireframe.html in Resources */ = {isa = PBXBuildFile; fileRef = D5C3EE9628742540001E9477 /* HomeViewWireframe.html */; };
/* End PBXBuildFile section */

/* Begin PBXFileReference section */
		D50DD1A428633677004B06A6 /* Viper_Basic_Slider.app */ = {isa = PBXFileReference; explicitFileType = wrapper.application; includeInIndex = 0; path = Viper_Basic_Slider.app; sourceTree = BUILT_PRODUCTS_DIR; };
		D50DD1A728633677004B06A6 /* AppDelegate.swift */ = {isa = PBXFileReference; lastKnownFileType = sourcecode.swift; path = AppDelegate.swift; sourceTree = "<group>"; };
		D50DD1A928633677004B06A6 /* SceneDelegate.swift */ = {isa = PBXFileReference; lastKnownFileType = sourcecode.swift; path = SceneDelegate.swift; sourceTree = "<group>"; };
		D50DD1AB28633677004B06A6 /* HomeViewController.swift */ = {isa = PBXFileReference; lastKnownFileType = sourcecode.swift; path = HomeViewController.swift; sourceTree = "<group>"; };
		D50DD1AE28633677004B06A6 /* Base */ = {isa = PBXFileReference; lastKnownFileType = file.storyboard; name = Base; path = Base.lproj/Main.storyboard; sourceTree = "<group>"; };
		D50DD1B028633679004B06A6 /* Assets.xcassets */ = {isa = PBXFileReference; lastKnownFileType = folder.assetcatalog; path = Assets.xcassets; sourceTree = "<group>"; };
		D50DD1B328633679004B06A6 /* Base */ = {isa = PBXFileReference; lastKnownFileType = file.storyboard; name = Base; path = Base.lproj/LaunchScreen.storyboard; sourceTree = "<group>"; };
		D50DD1B528633679004B06A6 /* Info.plist */ = {isa = PBXFileReference; lastKnownFileType = text.plist.xml; path = Info.plist; sourceTree = "<group>"; };
		D50DD1BB286336A6004B06A6 /* .gitignore */ = {isa = PBXFileReference; lastKnownFileType = text; path = .gitignore; sourceTree = "<group>"; };
		D5607ACD28671B3B000A444A /* HomeViewBuilder.swift */ = {isa = PBXFileReference; lastKnownFileType = sourcecode.swift; path = HomeViewBuilder.swift; sourceTree = "<group>"; };
		D5607ACF28672458000A444A /* AppColorDAO.swift */ = {isa = PBXFileReference; lastKnownFileType = sourcecode.swift; path = AppColorDAO.swift; sourceTree = "<group>"; };
		D5607AD128672F8B000A444A /* HomeViewInteractor.swift */ = {isa = PBXFileReference; lastKnownFileType = sourcecode.swift; path = HomeViewInteractor.swift; sourceTree = "<group>"; };
		D5607AD328672F98000A444A /* HomeViewPresenter.swift */ = {isa = PBXFileReference; lastKnownFileType = sourcecode.swift; path = HomeViewPresenter.swift; sourceTree = "<group>"; };
		D5607AD528672FC7000A444A /* HomeViewRouter.swift */ = {isa = PBXFileReference; lastKnownFileType = sourcecode.swift; path = HomeViewRouter.swift; sourceTree = "<group>"; };
		D5607AD728672FD6000A444A /* HomeViewProtocols.swift */ = {isa = PBXFileReference; lastKnownFileType = sourcecode.swift; path = HomeViewProtocols.swift; sourceTree = "<group>"; };
		D5607AD92867345D000A444A /* README.md */ = {isa = PBXFileReference; lastKnownFileType = net.daringfireball.markdown; path = README.md; sourceTree = "<group>"; };
		D5C3EE4B28742540001E9477 /* index.html */ = {isa = PBXFileReference; fileEncoding = 4; lastKnownFileType = text.html; path = index.html; sourceTree = "<group>"; };
		D5C3EE4C28742540001E9477 /* search.json */ = {isa = PBXFileReference; fileEncoding = 4; lastKnownFileType = text.json; path = search.json; sourceTree = "<group>"; };
		D5C3EE4E28742540001E9477 /* highlight.css */ = {isa = PBXFileReference; fileEncoding = 4; lastKnownFileType = text.css; path = highlight.css; sourceTree = "<group>"; };
		D5C3EE4F28742540001E9477 /* jazzy.css */ = {isa = PBXFileReference; fileEncoding = 4; lastKnownFileType = text.css; path = jazzy.css; sourceTree = "<group>"; };
		D5C3EE5128742540001E9477 /* HomeViewBuilder.html */ = {isa = PBXFileReference; fileEncoding = 4; lastKnownFileType = text.html; path = HomeViewBuilder.html; sourceTree = "<group>"; };
		D5C3EE5228742540001E9477 /* HomeViewPresenter.html */ = {isa = PBXFileReference; fileEncoding = 4; lastKnownFileType = text.html; path = HomeViewPresenter.html; sourceTree = "<group>"; };
		D5C3EE5328742540001E9477 /* AppColorDAO.html */ = {isa = PBXFileReference; fileEncoding = 4; lastKnownFileType = text.html; path = AppColorDAO.html; sourceTree = "<group>"; };
		D5C3EE5428742540001E9477 /* HomeViewRouter.html */ = {isa = PBXFileReference; fileEncoding = 4; lastKnownFileType = text.html; path = HomeViewRouter.html; sourceTree = "<group>"; };
		D5C3EE5528742540001E9477 /* HomeInteractor.html */ = {isa = PBXFileReference; fileEncoding = 4; lastKnownFileType = text.html; path = HomeInteractor.html; sourceTree = "<group>"; };
		D5C3EE5628742540001E9477 /* SceneDelegate.html */ = {isa = PBXFileReference; fileEncoding = 4; lastKnownFileType = text.html; path = SceneDelegate.html; sourceTree = "<group>"; };
		D5C3EE5728742540001E9477 /* AppDelegate.html */ = {isa = PBXFileReference; fileEncoding = 4; lastKnownFileType = text.html; path = AppDelegate.html; sourceTree = "<group>"; };
		D5C3EE5828742540001E9477 /* HomeViewController.html */ = {isa = PBXFileReference; fileEncoding = 4; lastKnownFileType = text.html; path = HomeViewController.html; sourceTree = "<group>"; };
		D5C3EE5A28742540001E9477 /* jquery.min.js */ = {isa = PBXFileReference; fileEncoding = 4; lastKnownFileType = sourcecode.javascript; path = jquery.min.js; sourceTree = "<group>"; };
		D5C3EE5B28742540001E9477 /* typeahead.jquery.js */ = {isa = PBXFileReference; fileEncoding = 4; lastKnownFileType = sourcecode.javascript; path = typeahead.jquery.js; sourceTree = "<group>"; };
		D5C3EE5C28742540001E9477 /* jazzy.search.js */ = {isa = PBXFileReference; fileEncoding = 4; lastKnownFileType = sourcecode.javascript; path = jazzy.search.js; sourceTree = "<group>"; };
		D5C3EE5D28742540001E9477 /* lunr.min.js */ = {isa = PBXFileReference; fileEncoding = 4; lastKnownFileType = sourcecode.javascript; path = lunr.min.js; sourceTree = "<group>"; };
		D5C3EE5E28742540001E9477 /* jazzy.js */ = {isa = PBXFileReference; fileEncoding = 4; lastKnownFileType = sourcecode.javascript; path = jazzy.js; sourceTree = "<group>"; };
		D5C3EE6028742540001E9477 /* carat.png */ = {isa = PBXFileReference; lastKnownFileType = image.png; path = carat.png; sourceTree = "<group>"; };
		D5C3EE6128742540001E9477 /* dash.png */ = {isa = PBXFileReference; lastKnownFileType = image.png; path = dash.png; sourceTree = "<group>"; };
		D5C3EE6228742540001E9477 /* spinner.gif */ = {isa = PBXFileReference; lastKnownFileType = image.gif; path = spinner.gif; sourceTree = "<group>"; };
		D5C3EE6328742540001E9477 /* undocumented.json */ = {isa = PBXFileReference; fileEncoding = 4; lastKnownFileType = text.json; path = undocumented.json; sourceTree = "<group>"; };
		D5C3EE6428742540001E9477 /* badge.svg */ = {isa = PBXFileReference; fileEncoding = 4; lastKnownFileType = text; path = badge.svg; sourceTree = "<group>"; };
		D5C3EE6528742540001E9477 /* Classes.html */ = {isa = PBXFileReference; fileEncoding = 4; lastKnownFileType = text.html; path = Classes.html; sourceTree = "<group>"; };
		D5C3EE6A28742540001E9477 /* docSet.dsidx */ = {isa = PBXFileReference; lastKnownFileType = file; path = docSet.dsidx; sourceTree = "<group>"; };
		D5C3EE6C28742540001E9477 /* index.html */ = {isa = PBXFileReference; fileEncoding = 4; lastKnownFileType = text.html.documentation; path = index.html; sourceTree = "<group>"; };
		D5C3EE6D28742540001E9477 /* search.json */ = {isa = PBXFileReference; fileEncoding = 4; lastKnownFileType = text.json; path = search.json; sourceTree = "<group>"; };
		D5C3EE6F28742540001E9477 /* highlight.css */ = {isa = PBXFileReference; fileEncoding = 4; lastKnownFileType = text.css; path = highlight.css; sourceTree = "<group>"; };
		D5C3EE7028742540001E9477 /* jazzy.css */ = {isa = PBXFileReference; fileEncoding = 4; lastKnownFileType = text.css; path = jazzy.css; sourceTree = "<group>"; };
		D5C3EE7228742540001E9477 /* HomeViewBuilder.html */ = {isa = PBXFileReference; fileEncoding = 4; lastKnownFileType = text.html.documentation; path = HomeViewBuilder.html; sourceTree = "<group>"; };
		D5C3EE7328742540001E9477 /* HomeViewPresenter.html */ = {isa = PBXFileReference; fileEncoding = 4; lastKnownFileType = text.html.documentation; path = HomeViewPresenter.html; sourceTree = "<group>"; };
		D5C3EE7428742540001E9477 /* AppColorDAO.html */ = {isa = PBXFileReference; fileEncoding = 4; lastKnownFileType = text.html.documentation; path = AppColorDAO.html; sourceTree = "<group>"; };
		D5C3EE7528742540001E9477 /* HomeViewRouter.html */ = {isa = PBXFileReference; fileEncoding = 4; lastKnownFileType = text.html.documentation; path = HomeViewRouter.html; sourceTree = "<group>"; };
		D5C3EE7628742540001E9477 /* HomeInteractor.html */ = {isa = PBXFileReference; fileEncoding = 4; lastKnownFileType = text.html.documentation; path = HomeInteractor.html; sourceTree = "<group>"; };
		D5C3EE7728742540001E9477 /* SceneDelegate.html */ = {isa = PBXFileReference; fileEncoding = 4; lastKnownFileType = text.html.documentation; path = SceneDelegate.html; sourceTree = "<group>"; };
		D5C3EE7828742540001E9477 /* AppDelegate.html */ = {isa = PBXFileReference; fileEncoding = 4; lastKnownFileType = text.html.documentation; path = AppDelegate.html; sourceTree = "<group>"; };
		D5C3EE7928742540001E9477 /* HomeViewController.html */ = {isa = PBXFileReference; fileEncoding = 4; lastKnownFileType = text.html.documentation; path = HomeViewController.html; sourceTree = "<group>"; };
		D5C3EE7B28742540001E9477 /* jquery.min.js */ = {isa = PBXFileReference; fileEncoding = 4; lastKnownFileType = sourcecode.javascript; path = jquery.min.js; sourceTree = "<group>"; };
		D5C3EE7C28742540001E9477 /* typeahead.jquery.js */ = {isa = PBXFileReference; fileEncoding = 4; lastKnownFileType = sourcecode.javascript; path = typeahead.jquery.js; sourceTree = "<group>"; };
		D5C3EE7D28742540001E9477 /* jazzy.search.js */ = {isa = PBXFileReference; fileEncoding = 4; lastKnownFileType = sourcecode.javascript; path = jazzy.search.js; sourceTree = "<group>"; };
		D5C3EE7E28742540001E9477 /* lunr.min.js */ = {isa = PBXFileReference; fileEncoding = 4; lastKnownFileType = sourcecode.javascript; path = lunr.min.js; sourceTree = "<group>"; };
		D5C3EE7F28742540001E9477 /* jazzy.js */ = {isa = PBXFileReference; fileEncoding = 4; lastKnownFileType = sourcecode.javascript; path = jazzy.js; sourceTree = "<group>"; };
		D5C3EE8128742540001E9477 /* carat.png */ = {isa = PBXFileReference; lastKnownFileType = image.png; path = carat.png; sourceTree = "<group>"; };
		D5C3EE8228742540001E9477 /* dash.png */ = {isa = PBXFileReference; lastKnownFileType = image.png; path = dash.png; sourceTree = "<group>"; };
		D5C3EE8328742540001E9477 /* spinner.gif */ = {isa = PBXFileReference; lastKnownFileType = image.gif; path = spinner.gif; sourceTree = "<group>"; };
		D5C3EE8428742540001E9477 /* undocumented.json */ = {isa = PBXFileReference; fileEncoding = 4; lastKnownFileType = text.json; path = undocumented.json; sourceTree = "<group>"; };
		D5C3EE8528742540001E9477 /* badge.svg */ = {isa = PBXFileReference; fileEncoding = 4; lastKnownFileType = text; path = badge.svg; sourceTree = "<group>"; };
		D5C3EE8628742540001E9477 /* Classes.html */ = {isa = PBXFileReference; fileEncoding = 4; lastKnownFileType = text.html.documentation; path = Classes.html; sourceTree = "<group>"; };
		D5C3EE8728742540001E9477 /* Protocols.html */ = {isa = PBXFileReference; fileEncoding = 4; lastKnownFileType = text.html.documentation; path = Protocols.html; sourceTree = "<group>"; };
		D5C3EE8928742540001E9477 /* ColorValueDelegate.html */ = {isa = PBXFileReference; fileEncoding = 4; lastKnownFileType = text.html.documentation; path = ColorValueDelegate.html; sourceTree = "<group>"; };
		D5C3EE8A28742540001E9477 /* HomeView.html */ = {isa = PBXFileReference; fileEncoding = 4; lastKnownFileType = text.html.documentation; path = HomeView.html; sourceTree = "<group>"; };
		D5C3EE8B28742540001E9477 /* HomeViewPresentation.html */ = {isa = PBXFileReference; fileEncoding = 4; lastKnownFileType = text.html.documentation; path = HomeViewPresentation.html; sourceTree = "<group>"; };
		D5C3EE8C28742540001E9477 /* HomeUseCase.html */ = {isa = PBXFileReference; fileEncoding = 4; lastKnownFileType = text.html.documentation; path = HomeUseCase.html; sourceTree = "<group>"; };
		D5C3EE8D28742540001E9477 /* HomeViewWireframe.html */ = {isa = PBXFileReference; fileEncoding = 4; lastKnownFileType = text.html.documentation; path = HomeViewWireframe.html; sourceTree = "<group>"; };
		D5C3EE8E28742540001E9477 /* Info.plist */ = {isa = PBXFileReference; fileEncoding = 4; lastKnownFileType = text.plist.xml; path = Info.plist; sourceTree = "<group>"; };
		D5C3EE8F28742540001E9477 /* .tgz */ = {isa = PBXFileReference; lastKnownFileType = file; path = .tgz; sourceTree = "<group>"; };
		D5C3EE9028742540001E9477 /* Protocols.html */ = {isa = PBXFileReference; fileEncoding = 4; lastKnownFileType = text.html; path = Protocols.html; sourceTree = "<group>"; };
		D5C3EE9228742540001E9477 /* ColorValueDelegate.html */ = {isa = PBXFileReference; fileEncoding = 4; lastKnownFileType = text.html; path = ColorValueDelegate.html; sourceTree = "<group>"; };
		D5C3EE9328742540001E9477 /* HomeView.html */ = {isa = PBXFileReference; fileEncoding = 4; lastKnownFileType = text.html; path = HomeView.html; sourceTree = "<group>"; };
		D5C3EE9428742540001E9477 /* HomeViewPresentation.html */ = {isa = PBXFileReference; fileEncoding = 4; lastKnownFileType = text.html; path = HomeViewPresentation.html; sourceTree = "<group>"; };
		D5C3EE9528742540001E9477 /* HomeUseCase.html */ = {isa = PBXFileReference; fileEncoding = 4; lastKnownFileType = text.html; path = HomeUseCase.html; sourceTree = "<group>"; };
		D5C3EE9628742540001E9477 /* HomeViewWireframe.html */ = {isa = PBXFileReference; fileEncoding = 4; lastKnownFileType = text.html; path = HomeViewWireframe.html; sourceTree = "<group>"; };
/* End PBXFileReference section */

/* Begin PBXFrameworksBuildPhase section */
		D50DD1A128633677004B06A6 /* Frameworks */ = {
			isa = PBXFrameworksBuildPhase;
			buildActionMask = 2147483647;
			files = (
			);
			runOnlyForDeploymentPostprocessing = 0;
		};
/* End PBXFrameworksBuildPhase section */

/* Begin PBXGroup section */
		D50DD19B28633677004B06A6 = {
			isa = PBXGroup;
			children = (
				D5C3EE4A28742540001E9477 /* docs */,
				D50DD1BB286336A6004B06A6 /* .gitignore */,
				D5607AD92867345D000A444A /* README.md */,
				D50DD1A628633677004B06A6 /* Viper_Basic_Slider */,
				D50DD1A528633677004B06A6 /* Products */,
			);
			sourceTree = "<group>";
		};
		D50DD1A528633677004B06A6 /* Products */ = {
			isa = PBXGroup;
			children = (
				D50DD1A428633677004B06A6 /* Viper_Basic_Slider.app */,
			);
			name = Products;
			sourceTree = "<group>";
		};
		D50DD1A628633677004B06A6 /* Viper_Basic_Slider */ = {
			isa = PBXGroup;
			children = (
				D50DD1A728633677004B06A6 /* AppDelegate.swift */,
				D50DD1A928633677004B06A6 /* SceneDelegate.swift */,
				D5607AD728672FD6000A444A /* HomeViewProtocols.swift */,
				D50DD1AB28633677004B06A6 /* HomeViewController.swift */,
				D5607AD128672F8B000A444A /* HomeViewInteractor.swift */,
				D5607AD328672F98000A444A /* HomeViewPresenter.swift */,
				D5607AD528672FC7000A444A /* HomeViewRouter.swift */,
				D5607ACD28671B3B000A444A /* HomeViewBuilder.swift */,
				D5607ACF28672458000A444A /* AppColorDAO.swift */,
				D50DD1AD28633677004B06A6 /* Main.storyboard */,
				D50DD1B028633679004B06A6 /* Assets.xcassets */,
				D50DD1B228633679004B06A6 /* LaunchScreen.storyboard */,
				D50DD1B528633679004B06A6 /* Info.plist */,
			);
			path = Viper_Basic_Slider;
			sourceTree = "<group>";
		};
		D5C3EE4A28742540001E9477 /* docs */ = {
			isa = PBXGroup;
			children = (
				D5C3EE4B28742540001E9477 /* index.html */,
				D5C3EE4C28742540001E9477 /* search.json */,
				D5C3EE4D28742540001E9477 /* css */,
				D5C3EE5028742540001E9477 /* Classes */,
				D5C3EE5928742540001E9477 /* js */,
				D5C3EE5F28742540001E9477 /* img */,
				D5C3EE6328742540001E9477 /* undocumented.json */,
				D5C3EE6428742540001E9477 /* badge.svg */,
				D5C3EE6528742540001E9477 /* Classes.html */,
				D5C3EE6628742540001E9477 /* docsets */,
				D5C3EE9028742540001E9477 /* Protocols.html */,
				D5C3EE9128742540001E9477 /* Protocols */,
			);
			path = docs;
			sourceTree = "<group>";
		};
		D5C3EE4D28742540001E9477 /* css */ = {
			isa = PBXGroup;
			children = (
				D5C3EE4E28742540001E9477 /* highlight.css */,
				D5C3EE4F28742540001E9477 /* jazzy.css */,
			);
			path = css;
			sourceTree = "<group>";
		};
		D5C3EE5028742540001E9477 /* Classes */ = {
			isa = PBXGroup;
			children = (
				D5C3EE5128742540001E9477 /* HomeViewBuilder.html */,
				D5C3EE5228742540001E9477 /* HomeViewPresenter.html */,
				D5C3EE5328742540001E9477 /* AppColorDAO.html */,
				D5C3EE5428742540001E9477 /* HomeViewRouter.html */,
				D5C3EE5528742540001E9477 /* HomeInteractor.html */,
				D5C3EE5628742540001E9477 /* SceneDelegate.html */,
				D5C3EE5728742540001E9477 /* AppDelegate.html */,
				D5C3EE5828742540001E9477 /* HomeViewController.html */,
			);
			path = Classes;
			sourceTree = "<group>";
		};
		D5C3EE5928742540001E9477 /* js */ = {
			isa = PBXGroup;
			children = (
				D5C3EE5A28742540001E9477 /* jquery.min.js */,
				D5C3EE5B28742540001E9477 /* typeahead.jquery.js */,
				D5C3EE5C28742540001E9477 /* jazzy.search.js */,
				D5C3EE5D28742540001E9477 /* lunr.min.js */,
				D5C3EE5E28742540001E9477 /* jazzy.js */,
			);
			path = js;
			sourceTree = "<group>";
		};
		D5C3EE5F28742540001E9477 /* img */ = {
			isa = PBXGroup;
			children = (
				D5C3EE6028742540001E9477 /* carat.png */,
				D5C3EE6128742540001E9477 /* dash.png */,
				D5C3EE6228742540001E9477 /* spinner.gif */,
			);
			path = img;
			sourceTree = "<group>";
		};
		D5C3EE6628742540001E9477 /* docsets */ = {
			isa = PBXGroup;
			children = (
				D5C3EE6728742540001E9477 /* .docset */,
				D5C3EE8F28742540001E9477 /* .tgz */,
			);
			path = docsets;
			sourceTree = "<group>";
		};
		D5C3EE6728742540001E9477 /* .docset */ = {
			isa = PBXGroup;
			children = (
				D5C3EE6828742540001E9477 /* Contents */,
			);
			path = .docset;
			sourceTree = "<group>";
		};
		D5C3EE6828742540001E9477 /* Contents */ = {
			isa = PBXGroup;
			children = (
				D5C3EE6928742540001E9477 /* Resources */,
				D5C3EE8E28742540001E9477 /* Info.plist */,
			);
			path = Contents;
			sourceTree = "<group>";
		};
		D5C3EE6928742540001E9477 /* Resources */ = {
			isa = PBXGroup;
			children = (
				D5C3EE6A28742540001E9477 /* docSet.dsidx */,
				D5C3EE6B28742540001E9477 /* Documents */,
			);
			path = Resources;
			sourceTree = "<group>";
		};
		D5C3EE6B28742540001E9477 /* Documents */ = {
			isa = PBXGroup;
			children = (
				D5C3EE6C28742540001E9477 /* index.html */,
				D5C3EE6D28742540001E9477 /* search.json */,
				D5C3EE6E28742540001E9477 /* css */,
				D5C3EE7128742540001E9477 /* Classes */,
				D5C3EE7A28742540001E9477 /* js */,
				D5C3EE8028742540001E9477 /* img */,
				D5C3EE8428742540001E9477 /* undocumented.json */,
				D5C3EE8528742540001E9477 /* badge.svg */,
				D5C3EE8628742540001E9477 /* Classes.html */,
				D5C3EE8728742540001E9477 /* Protocols.html */,
				D5C3EE8828742540001E9477 /* Protocols */,
			);
			path = Documents;
			sourceTree = "<group>";
		};
		D5C3EE6E28742540001E9477 /* css */ = {
			isa = PBXGroup;
			children = (
				D5C3EE6F28742540001E9477 /* highlight.css */,
				D5C3EE7028742540001E9477 /* jazzy.css */,
			);
			path = css;
			sourceTree = "<group>";
		};
		D5C3EE7128742540001E9477 /* Classes */ = {
			isa = PBXGroup;
			children = (
				D5C3EE7228742540001E9477 /* HomeViewBuilder.html */,
				D5C3EE7328742540001E9477 /* HomeViewPresenter.html */,
				D5C3EE7428742540001E9477 /* AppColorDAO.html */,
				D5C3EE7528742540001E9477 /* HomeViewRouter.html */,
				D5C3EE7628742540001E9477 /* HomeInteractor.html */,
				D5C3EE7728742540001E9477 /* SceneDelegate.html */,
				D5C3EE7828742540001E9477 /* AppDelegate.html */,
				D5C3EE7928742540001E9477 /* HomeViewController.html */,
			);
			path = Classes;
			sourceTree = "<group>";
		};
		D5C3EE7A28742540001E9477 /* js */ = {
			isa = PBXGroup;
			children = (
				D5C3EE7B28742540001E9477 /* jquery.min.js */,
				D5C3EE7C28742540001E9477 /* typeahead.jquery.js */,
				D5C3EE7D28742540001E9477 /* jazzy.search.js */,
				D5C3EE7E28742540001E9477 /* lunr.min.js */,
				D5C3EE7F28742540001E9477 /* jazzy.js */,
			);
			path = js;
			sourceTree = "<group>";
		};
		D5C3EE8028742540001E9477 /* img */ = {
			isa = PBXGroup;
			children = (
				D5C3EE8128742540001E9477 /* carat.png */,
				D5C3EE8228742540001E9477 /* dash.png */,
				D5C3EE8328742540001E9477 /* spinner.gif */,
			);
			path = img;
			sourceTree = "<group>";
		};
		D5C3EE8828742540001E9477 /* Protocols */ = {
			isa = PBXGroup;
			children = (
				D5C3EE8928742540001E9477 /* ColorValueDelegate.html */,
				D5C3EE8A28742540001E9477 /* HomeView.html */,
				D5C3EE8B28742540001E9477 /* HomeViewPresentation.html */,
				D5C3EE8C28742540001E9477 /* HomeUseCase.html */,
				D5C3EE8D28742540001E9477 /* HomeViewWireframe.html */,
			);
			path = Protocols;
			sourceTree = "<group>";
		};
		D5C3EE9128742540001E9477 /* Protocols */ = {
			isa = PBXGroup;
			children = (
				D5C3EE9228742540001E9477 /* ColorValueDelegate.html */,
				D5C3EE9328742540001E9477 /* HomeView.html */,
				D5C3EE9428742540001E9477 /* HomeViewPresentation.html */,
				D5C3EE9528742540001E9477 /* HomeUseCase.html */,
				D5C3EE9628742540001E9477 /* HomeViewWireframe.html */,
			);
			path = Protocols;
			sourceTree = "<group>";
		};
/* End PBXGroup section */

/* Begin PBXNativeTarget section */
		D50DD1A328633677004B06A6 /* Viper_Basic_Slider */ = {
			isa = PBXNativeTarget;
			buildConfigurationList = D50DD1B828633679004B06A6 /* Build configuration list for PBXNativeTarget "Viper_Basic_Slider" */;
			buildPhases = (
				D50DD1A028633677004B06A6 /* Sources */,
				D50DD1A128633677004B06A6 /* Frameworks */,
				D50DD1A228633677004B06A6 /* Resources */,
			);
			buildRules = (
			);
			dependencies = (
			);
			name = Viper_Basic_Slider;
			productName = Viper_Basic_Slider;
			productReference = D50DD1A428633677004B06A6 /* Viper_Basic_Slider.app */;
			productType = "com.apple.product-type.application";
		};
/* End PBXNativeTarget section */

/* Begin PBXProject section */
		D50DD19C28633677004B06A6 /* Project object */ = {
			isa = PBXProject;
			attributes = {
				BuildIndependentTargetsInParallel = 1;
				LastSwiftUpdateCheck = 1320;
				LastUpgradeCheck = 1320;
				TargetAttributes = {
					D50DD1A328633677004B06A6 = {
						CreatedOnToolsVersion = 13.2.1;
					};
				};
			};
			buildConfigurationList = D50DD19F28633677004B06A6 /* Build configuration list for PBXProject "Viper_Basic_Slider" */;
			compatibilityVersion = "Xcode 13.0";
			developmentRegion = en;
			hasScannedForEncodings = 0;
			knownRegions = (
				en,
				Base,
			);
			mainGroup = D50DD19B28633677004B06A6;
			productRefGroup = D50DD1A528633677004B06A6 /* Products */;
			projectDirPath = "";
			projectRoot = "";
			targets = (
				D50DD1A328633677004B06A6 /* Viper_Basic_Slider */,
			);
		};
/* End PBXProject section */

/* Begin PBXResourcesBuildPhase section */
		D50DD1A228633677004B06A6 /* Resources */ = {
			isa = PBXResourcesBuildPhase;
			buildActionMask = 2147483647;
			files = (
				D5C3EEAE28742541001E9477 /* docSet.dsidx in Resources */,
				D5C3EEBE28742541001E9477 /* lunr.min.js in Resources */,
				D5C3EE9A28742541001E9477 /* jazzy.css in Resources */,
				D5C3EEA128742541001E9477 /* AppDelegate.html in Resources */,
				D5C3EEC828742541001E9477 /* HomeView.html in Resources */,
				D5C3EEA228742541001E9477 /* HomeViewController.html in Resources */,
				D5C3EE9928742541001E9477 /* highlight.css in Resources */,
				D5C3EEAC28742541001E9477 /* badge.svg in Resources */,
				D5C3EE9B28742541001E9477 /* HomeViewBuilder.html in Resources */,
				D5C3EEBC28742541001E9477 /* typeahead.jquery.js in Resources */,
				D5C3EEB528742541001E9477 /* AppColorDAO.html in Resources */,
				D5C3EEA628742541001E9477 /* lunr.min.js in Resources */,
				D5C3EE9E28742541001E9477 /* HomeViewRouter.html in Resources */,
				D5C3EECA28742541001E9477 /* HomeUseCase.html in Resources */,
				D5C3EEBA28742541001E9477 /* HomeViewController.html in Resources */,
				D5C3EED128742541001E9477 /* HomeViewPresentation.html in Resources */,
				D5C3EEB928742541001E9477 /* AppDelegate.html in Resources */,
				D5C3EED028742541001E9477 /* HomeView.html in Resources */,
				D5C3EECC28742541001E9477 /* Info.plist in Resources */,
				D5C3EEC928742541001E9477 /* HomeViewPresentation.html in Resources */,
				D5C3EEB428742541001E9477 /* HomeViewPresenter.html in Resources */,
				D5C3EE9728742541001E9477 /* index.html in Resources */,
				D5C3EEC428742541001E9477 /* badge.svg in Resources */,
				D50DD1BC286336A6004B06A6 /* .gitignore in Resources */,
				D5C3EEA828742541001E9477 /* carat.png in Resources */,
				D5C3EECF28742541001E9477 /* ColorValueDelegate.html in Resources */,
				D5C3EEC528742541001E9477 /* Classes.html in Resources */,
				D5C3EEBB28742541001E9477 /* jquery.min.js in Resources */,
				D5C3EE9D28742541001E9477 /* AppColorDAO.html in Resources */,
				D5C3EEA728742541001E9477 /* jazzy.js in Resources */,
				D5C3EECB28742541001E9477 /* HomeViewWireframe.html in Resources */,
				D5C3EEAD28742541001E9477 /* Classes.html in Resources */,
				D5C3EEC328742541001E9477 /* undocumented.json in Resources */,
				D5C3EE9F28742541001E9477 /* HomeInteractor.html in Resources */,
				D5C3EEC728742541001E9477 /* ColorValueDelegate.html in Resources */,
				D5C3EEBD28742541001E9477 /* jazzy.search.js in Resources */,
				D5C3EECD28742541001E9477 /* .tgz in Resources */,
				D5C3EED228742541001E9477 /* HomeUseCase.html in Resources */,
				D50DD1B428633679004B06A6 /* LaunchScreen.storyboard in Resources */,
				D5C3EEB128742541001E9477 /* highlight.css in Resources */,
				D5C3EEAB28742541001E9477 /* undocumented.json in Resources */,
				D5C3EEC628742541001E9477 /* Protocols.html in Resources */,
				D5C3EEC128742541001E9477 /* dash.png in Resources */,
				D5C3EE9828742541001E9477 /* search.json in Resources */,
				D5C3EEA328742541001E9477 /* jquery.min.js in Resources */,
				D5C3EED328742541001E9477 /* HomeViewWireframe.html in Resources */,
				D5C3EEA428742541001E9477 /* typeahead.jquery.js in Resources */,
				D5C3EE9C28742541001E9477 /* HomeViewPresenter.html in Resources */,
				D5C3EEBF28742541001E9477 /* jazzy.js in Resources */,
				D50DD1B128633679004B06A6 /* Assets.xcassets in Resources */,
				D5C3EEB228742541001E9477 /* jazzy.css in Resources */,
				D5C3EEB628742541001E9477 /* HomeViewRouter.html in Resources */,
				D5C3EEC028742541001E9477 /* carat.png in Resources */,
				D5C3EEAF28742541001E9477 /* index.html in Resources */,
				D5C3EEB328742541001E9477 /* HomeViewBuilder.html in Resources */,
				D5C3EEA028742541001E9477 /* SceneDelegate.html in Resources */,
				D5C3EEA928742541001E9477 /* dash.png in Resources */,
				D5C3EEB828742541001E9477 /* SceneDelegate.html in Resources */,
				D5C3EEA528742541001E9477 /* jazzy.search.js in Resources */,
				D5C3EECE28742541001E9477 /* Protocols.html in Resources */,
				D5C3EEB728742541001E9477 /* HomeInteractor.html in Resources */,
				D5C3EEB028742541001E9477 /* search.json in Resources */,
				D5C3EEAA28742541001E9477 /* spinner.gif in Resources */,
				D5C3EEC228742541001E9477 /* spinner.gif in Resources */,
				D50DD1AF28633677004B06A6 /* Main.storyboard in Resources */,
			);
			runOnlyForDeploymentPostprocessing = 0;
		};
/* End PBXResourcesBuildPhase section */

/* Begin PBXSourcesBuildPhase section */
		D50DD1A028633677004B06A6 /* Sources */ = {
			isa = PBXSourcesBuildPhase;
			buildActionMask = 2147483647;
			files = (
				D5607AD228672F8B000A444A /* HomeViewInteractor.swift in Sources */,
				D5607AD428672F98000A444A /* HomeViewPresenter.swift in Sources */,
				D50DD1AC28633677004B06A6 /* HomeViewController.swift in Sources */,
				D5607AD828672FD6000A444A /* HomeViewProtocols.swift in Sources */,
				D50DD1A828633677004B06A6 /* AppDelegate.swift in Sources */,
				D5607AD628672FC7000A444A /* HomeViewRouter.swift in Sources */,
				D5607ACE28671B3B000A444A /* HomeViewBuilder.swift in Sources */,
				D5607AD028672458000A444A /* AppColorDAO.swift in Sources */,
				D50DD1AA28633677004B06A6 /* SceneDelegate.swift in Sources */,
			);
			runOnlyForDeploymentPostprocessing = 0;
		};
/* End PBXSourcesBuildPhase section */

/* Begin PBXVariantGroup section */
		D50DD1AD28633677004B06A6 /* Main.storyboard */ = {
			isa = PBXVariantGroup;
			children = (
				D50DD1AE28633677004B06A6 /* Base */,
			);
			name = Main.storyboard;
			sourceTree = "<group>";
		};
		D50DD1B228633679004B06A6 /* LaunchScreen.storyboard */ = {
			isa = PBXVariantGroup;
			children = (
				D50DD1B328633679004B06A6 /* Base */,
			);
			name = LaunchScreen.storyboard;
			sourceTree = "<group>";
		};
/* End PBXVariantGroup section */

/* Begin XCBuildConfiguration section */
		D50DD1B628633679004B06A6 /* Debug */ = {
			isa = XCBuildConfiguration;
			buildSettings = {
				ALWAYS_SEARCH_USER_PATHS = NO;
				CLANG_ANALYZER_NONNULL = YES;
				CLANG_ANALYZER_NUMBER_OBJECT_CONVERSION = YES_AGGRESSIVE;
				CLANG_CXX_LANGUAGE_STANDARD = "gnu++17";
				CLANG_CXX_LIBRARY = "libc++";
				CLANG_ENABLE_MODULES = YES;
				CLANG_ENABLE_OBJC_ARC = YES;
				CLANG_ENABLE_OBJC_WEAK = YES;
				CLANG_WARN_BLOCK_CAPTURE_AUTORELEASING = YES;
				CLANG_WARN_BOOL_CONVERSION = YES;
				CLANG_WARN_COMMA = YES;
				CLANG_WARN_CONSTANT_CONVERSION = YES;
				CLANG_WARN_DEPRECATED_OBJC_IMPLEMENTATIONS = YES;
				CLANG_WARN_DIRECT_OBJC_ISA_USAGE = YES_ERROR;
				CLANG_WARN_DOCUMENTATION_COMMENTS = YES;
				CLANG_WARN_EMPTY_BODY = YES;
				CLANG_WARN_ENUM_CONVERSION = YES;
				CLANG_WARN_INFINITE_RECURSION = YES;
				CLANG_WARN_INT_CONVERSION = YES;
				CLANG_WARN_NON_LITERAL_NULL_CONVERSION = YES;
				CLANG_WARN_OBJC_IMPLICIT_RETAIN_SELF = YES;
				CLANG_WARN_OBJC_LITERAL_CONVERSION = YES;
				CLANG_WARN_OBJC_ROOT_CLASS = YES_ERROR;
				CLANG_WARN_QUOTED_INCLUDE_IN_FRAMEWORK_HEADER = YES;
				CLANG_WARN_RANGE_LOOP_ANALYSIS = YES;
				CLANG_WARN_STRICT_PROTOTYPES = YES;
				CLANG_WARN_SUSPICIOUS_MOVE = YES;
				CLANG_WARN_UNGUARDED_AVAILABILITY = YES_AGGRESSIVE;
				CLANG_WARN_UNREACHABLE_CODE = YES;
				CLANG_WARN__DUPLICATE_METHOD_MATCH = YES;
				COPY_PHASE_STRIP = NO;
				DEBUG_INFORMATION_FORMAT = dwarf;
				ENABLE_STRICT_OBJC_MSGSEND = YES;
				ENABLE_TESTABILITY = YES;
				GCC_C_LANGUAGE_STANDARD = gnu11;
				GCC_DYNAMIC_NO_PIC = NO;
				GCC_NO_COMMON_BLOCKS = YES;
				GCC_OPTIMIZATION_LEVEL = 0;
				GCC_PREPROCESSOR_DEFINITIONS = (
					"DEBUG=1",
					"$(inherited)",
				);
				GCC_WARN_64_TO_32_BIT_CONVERSION = YES;
				GCC_WARN_ABOUT_RETURN_TYPE = YES_ERROR;
				GCC_WARN_UNDECLARED_SELECTOR = YES;
				GCC_WARN_UNINITIALIZED_AUTOS = YES_AGGRESSIVE;
				GCC_WARN_UNUSED_FUNCTION = YES;
				GCC_WARN_UNUSED_VARIABLE = YES;
				IPHONEOS_DEPLOYMENT_TARGET = 15.2;
				MTL_ENABLE_DEBUG_INFO = INCLUDE_SOURCE;
				MTL_FAST_MATH = YES;
				ONLY_ACTIVE_ARCH = YES;
				SDKROOT = iphoneos;
				SWIFT_ACTIVE_COMPILATION_CONDITIONS = DEBUG;
				SWIFT_OPTIMIZATION_LEVEL = "-Onone";
			};
			name = Debug;
		};
		D50DD1B728633679004B06A6 /* Release */ = {
			isa = XCBuildConfiguration;
			buildSettings = {
				ALWAYS_SEARCH_USER_PATHS = NO;
				CLANG_ANALYZER_NONNULL = YES;
				CLANG_ANALYZER_NUMBER_OBJECT_CONVERSION = YES_AGGRESSIVE;
				CLANG_CXX_LANGUAGE_STANDARD = "gnu++17";
				CLANG_CXX_LIBRARY = "libc++";
				CLANG_ENABLE_MODULES = YES;
				CLANG_ENABLE_OBJC_ARC = YES;
				CLANG_ENABLE_OBJC_WEAK = YES;
				CLANG_WARN_BLOCK_CAPTURE_AUTORELEASING = YES;
				CLANG_WARN_BOOL_CONVERSION = YES;
				CLANG_WARN_COMMA = YES;
				CLANG_WARN_CONSTANT_CONVERSION = YES;
				CLANG_WARN_DEPRECATED_OBJC_IMPLEMENTATIONS = YES;
				CLANG_WARN_DIRECT_OBJC_ISA_USAGE = YES_ERROR;
				CLANG_WARN_DOCUMENTATION_COMMENTS = YES;
				CLANG_WARN_EMPTY_BODY = YES;
				CLANG_WARN_ENUM_CONVERSION = YES;
				CLANG_WARN_INFINITE_RECURSION = YES;
				CLANG_WARN_INT_CONVERSION = YES;
				CLANG_WARN_NON_LITERAL_NULL_CONVERSION = YES;
				CLANG_WARN_OBJC_IMPLICIT_RETAIN_SELF = YES;
				CLANG_WARN_OBJC_LITERAL_CONVERSION = YES;
				CLANG_WARN_OBJC_ROOT_CLASS = YES_ERROR;
				CLANG_WARN_QUOTED_INCLUDE_IN_FRAMEWORK_HEADER = YES;
				CLANG_WARN_RANGE_LOOP_ANALYSIS = YES;
				CLANG_WARN_STRICT_PROTOTYPES = YES;
				CLANG_WARN_SUSPICIOUS_MOVE = YES;
				CLANG_WARN_UNGUARDED_AVAILABILITY = YES_AGGRESSIVE;
				CLANG_WARN_UNREACHABLE_CODE = YES;
				CLANG_WARN__DUPLICATE_METHOD_MATCH = YES;
				COPY_PHASE_STRIP = NO;
				DEBUG_INFORMATION_FORMAT = "dwarf-with-dsym";
				ENABLE_NS_ASSERTIONS = NO;
				ENABLE_STRICT_OBJC_MSGSEND = YES;
				GCC_C_LANGUAGE_STANDARD = gnu11;
				GCC_NO_COMMON_BLOCKS = YES;
				GCC_WARN_64_TO_32_BIT_CONVERSION = YES;
				GCC_WARN_ABOUT_RETURN_TYPE = YES_ERROR;
				GCC_WARN_UNDECLARED_SELECTOR = YES;
				GCC_WARN_UNINITIALIZED_AUTOS = YES_AGGRESSIVE;
				GCC_WARN_UNUSED_FUNCTION = YES;
				GCC_WARN_UNUSED_VARIABLE = YES;
				IPHONEOS_DEPLOYMENT_TARGET = 15.2;
				MTL_ENABLE_DEBUG_INFO = NO;
				MTL_FAST_MATH = YES;
				SDKROOT = iphoneos;
				SWIFT_COMPILATION_MODE = wholemodule;
				SWIFT_OPTIMIZATION_LEVEL = "-O";
				VALIDATE_PRODUCT = YES;
			};
			name = Release;
		};
		D50DD1B928633679004B06A6 /* Debug */ = {
			isa = XCBuildConfiguration;
			buildSettings = {
				ASSETCATALOG_COMPILER_APPICON_NAME = AppIcon;
				ASSETCATALOG_COMPILER_GLOBAL_ACCENT_COLOR_NAME = AccentColor;
				CODE_SIGN_STYLE = Automatic;
				CURRENT_PROJECT_VERSION = 1;
				GENERATE_INFOPLIST_FILE = YES;
				INFOPLIST_FILE = Viper_Basic_Slider/Info.plist;
				INFOPLIST_KEY_UIApplicationSupportsIndirectInputEvents = YES;
				INFOPLIST_KEY_UILaunchStoryboardName = LaunchScreen;
				INFOPLIST_KEY_UISupportedInterfaceOrientations_iPad = "UIInterfaceOrientationPortrait UIInterfaceOrientationPortraitUpsideDown UIInterfaceOrientationLandscapeLeft UIInterfaceOrientationLandscapeRight";
				INFOPLIST_KEY_UISupportedInterfaceOrientations_iPhone = "UIInterfaceOrientationPortrait UIInterfaceOrientationLandscapeLeft UIInterfaceOrientationLandscapeRight";
				LD_RUNPATH_SEARCH_PATHS = (
					"$(inherited)",
					"@executable_path/Frameworks",
				);
				MARKETING_VERSION = 1.0;
				PRODUCT_BUNDLE_IDENTIFIER = "com.rksdgrt.Viper-Basic-Slider";
				PRODUCT_NAME = "$(TARGET_NAME)";
				SWIFT_EMIT_LOC_STRINGS = YES;
				SWIFT_VERSION = 5.0;
				TARGETED_DEVICE_FAMILY = "1,2";
			};
			name = Debug;
		};
		D50DD1BA28633679004B06A6 /* Release */ = {
			isa = XCBuildConfiguration;
			buildSettings = {
				ASSETCATALOG_COMPILER_APPICON_NAME = AppIcon;
				ASSETCATALOG_COMPILER_GLOBAL_ACCENT_COLOR_NAME = AccentColor;
				CODE_SIGN_STYLE = Automatic;
				CURRENT_PROJECT_VERSION = 1;
				GENERATE_INFOPLIST_FILE = YES;
				INFOPLIST_FILE = Viper_Basic_Slider/Info.plist;
				INFOPLIST_KEY_UIApplicationSupportsIndirectInputEvents = YES;
				INFOPLIST_KEY_UILaunchStoryboardName = LaunchScreen;
				INFOPLIST_KEY_UISupportedInterfaceOrientations_iPad = "UIInterfaceOrientationPortrait UIInterfaceOrientationPortraitUpsideDown UIInterfaceOrientationLandscapeLeft UIInterfaceOrientationLandscapeRight";
				INFOPLIST_KEY_UISupportedInterfaceOrientations_iPhone = "UIInterfaceOrientationPortrait UIInterfaceOrientationLandscapeLeft UIInterfaceOrientationLandscapeRight";
				LD_RUNPATH_SEARCH_PATHS = (
					"$(inherited)",
					"@executable_path/Frameworks",
				);
				MARKETING_VERSION = 1.0;
				PRODUCT_BUNDLE_IDENTIFIER = "com.rksdgrt.Viper-Basic-Slider";
				PRODUCT_NAME = "$(TARGET_NAME)";
				SWIFT_EMIT_LOC_STRINGS = YES;
				SWIFT_VERSION = 5.0;
				TARGETED_DEVICE_FAMILY = "1,2";
			};
			name = Release;
		};
/* End XCBuildConfiguration section */

/* Begin XCConfigurationList section */
		D50DD19F28633677004B06A6 /* Build configuration list for PBXProject "Viper_Basic_Slider" */ = {
			isa = XCConfigurationList;
			buildConfigurations = (
				D50DD1B628633679004B06A6 /* Debug */,
				D50DD1B728633679004B06A6 /* Release */,
			);
			defaultConfigurationIsVisible = 0;
			defaultConfigurationName = Release;
		};
		D50DD1B828633679004B06A6 /* Build configuration list for PBXNativeTarget "Viper_Basic_Slider" */ = {
			isa = XCConfigurationList;
			buildConfigurations = (
				D50DD1B928633679004B06A6 /* Debug */,
				D50DD1BA28633679004B06A6 /* Release */,
			);
			defaultConfigurationIsVisible = 0;
			defaultConfigurationName = Release;
		};
/* End XCConfigurationList section */
	};
	rootObject = D50DD19C28633677004B06A6 /* Project object */;
}
